
Microsoft Visual Studio Solution File, Format Version 12.00
# Visual Studio Version 16
VisualStudioVersion = 16.0.29409.12
MinimumVisualStudioVersion = 10.0.40219.1
Project("{FAE04EC0-301F-11D3-BF4B-00C04F79EFBC}") = "laba1", "laba1\laba1.csproj", "{A7B6ACF2-D89B-40DF-A712-11FD2B933341}"
EndProject
Global
	GlobalSection(SolutionConfigurationPlatforms) = preSolution
		Debug|Any CPU = Debug|Any CPU
		Release|Any CPU = Release|Any CPU
	EndGlobalSection
	GlobalSection(ProjectConfigurationPlatforms) = postSolution
		{A7B6ACF2-D89B-40DF-A712-11FD2B933341}.Debug|Any CPU.ActiveCfg = Debug|Any CPU
		{A7B6ACF2-D89B-40DF-A712-11FD2B933341}.Debug|Any CPU.Build.0 = Debug|Any CPU
		{A7B6ACF2-D89B-40DF-A712-11FD2B933341}.Release|Any CPU.ActiveCfg = Release|Any CPU
		{A7B6ACF2-D89B-40DF-A712-11FD2B933341}.Release|Any CPU.Build.0 = Release|Any CPU
	EndGlobalSection
	GlobalSection(SolutionProperties) = preSolution
		HideSolutionNode = FALSE
	EndGlobalSection
	GlobalSection(ExtensibilityGlobals) = postSolution
		SolutionGuid = {576EBF66-FB8B-41BC-B831-BDE9D6B5EA4C}
	EndGlobalSection
EndGlobal
